
Microsoft Visual Studio Solution File, Format Version 12.00
# Visual Studio Version 16
VisualStudioVersion = 16.0.30413.136
MinimumVisualStudioVersion = 15.0.26124.0
Project("{9A19103F-16F7-4668-BE54-9A1E7A4F7556}") = "Task_1_1", "Task_1_1\Task_1_1.csproj", "{427C011F-112E-424D-97AE-8BB7844D554A}"
EndProject
Project("{9A19103F-16F7-4668-BE54-9A1E7A4F7556}") = "Task_2_1", "Task_2_1\Task_2_1.csproj", "{292D7D68-4EC8-498D-A951-05352C7A6A50}"
EndProject
Project("{9A19103F-16F7-4668-BE54-9A1E7A4F7556}") = "Task_3_1", "Task_3_1\Task_3_1.csproj", "{58A615D5-AB9A-4CBD-9F69-B6CF7DEEA7BF}"
EndProject
Project("{9A19103F-16F7-4668-BE54-9A1E7A4F7556}") = "Task_3_2", "Task_3_2\Task_3_2.csproj", "{D74BF391-0BED-4D9D-8DEC-18AFE6E9E121}"
EndProject
Project("{9A19103F-16F7-4668-BE54-9A1E7A4F7556}") = "Task_4_1", "Task_4_1\Task_4_1.csproj", "{91EAF625-7AE8-4BB6-97E3-E78EAD3E7441}"
EndProject
Project("{9A19103F-16F7-4668-BE54-9A1E7A4F7556}") = "Task_4_2", "Task_4_2\Task_4_2.csproj", "{6016F644-4DFA-430E-9D59-13A620C7D977}"
EndProject
Project("{9A19103F-16F7-4668-BE54-9A1E7A4F7556}") = "Task_5_1", "Task_5_1\Task_5_1.csproj", "{A5F89C57-8AC8-4E21-825C-AA00904A1152}"
EndProject
Project("{9A19103F-16F7-4668-BE54-9A1E7A4F7556}") = "Task_6_1", "Task_6_1\Task_6_1.csproj", "{5EE6A65D-4887-4629-A77C-03F31FF4B08A}"
EndProject
Project("{9A19103F-16F7-4668-BE54-9A1E7A4F7556}") = "Task_6_2", "Task_6_2\Task_6_2.csproj", "{809B1A3B-2A04-4547-84EE-140C31FFA637}"
EndProject
Project("{9A19103F-16F7-4668-BE54-9A1E7A4F7556}") = "Task_6_1Tests", "Task_6_1Tests\Task_6_1Tests.csproj", "{AE529A7A-A28B-4A32-9402-C89BC825700E}"
EndProject
Project("{9A19103F-16F7-4668-BE54-9A1E7A4F7556}") = "Task_7_1", "Task_7_1\Task_7_1.csproj", "{0223573F-A0EB-430F-80CC-973A8C781492}"
EndProject
Project("{9A19103F-16F7-4668-BE54-9A1E7A4F7556}") = "Task_8_1", "Task_8_1\Task_8_1.csproj", "{E758B8BB-D557-4206-9EEC-12061CAB11F2}"
EndProject
Project("{2150E333-8FDC-42A3-9474-1A3956D46DE8}") = "Solution Items", "Solution Items", "{C954CB7C-1EB6-428A-B20B-A24FD2298587}"
	ProjectSection(SolutionItems) = preProject
		README.md = README.md
	EndProjectSection
EndProject
Project("{FAE04EC0-301F-11D3-BF4B-00C04F79EFBC}") = "Playground", "Playground\Playground.csproj", "{17110D02-E296-4304-8FC3-E0C61D69B083}"
EndProject
Global
	GlobalSection(SolutionConfigurationPlatforms) = preSolution
		Debug|Any CPU = Debug|Any CPU
		Debug|x64 = Debug|x64
		Debug|x86 = Debug|x86
		Release|Any CPU = Release|Any CPU
		Release|x64 = Release|x64
		Release|x86 = Release|x86
	EndGlobalSection
	GlobalSection(ProjectConfigurationPlatforms) = postSolution
		{427C011F-112E-424D-97AE-8BB7844D554A}.Debug|Any CPU.ActiveCfg = Debug|Any CPU
		{427C011F-112E-424D-97AE-8BB7844D554A}.Debug|Any CPU.Build.0 = Debug|Any CPU
		{427C011F-112E-424D-97AE-8BB7844D554A}.Debug|x64.ActiveCfg = Debug|Any CPU
		{427C011F-112E-424D-97AE-8BB7844D554A}.Debug|x64.Build.0 = Debug|Any CPU
		{427C011F-112E-424D-97AE-8BB7844D554A}.Debug|x86.ActiveCfg = Debug|Any CPU
		{427C011F-112E-424D-97AE-8BB7844D554A}.Debug|x86.Build.0 = Debug|Any CPU
		{427C011F-112E-424D-97AE-8BB7844D554A}.Release|Any CPU.ActiveCfg = Release|Any CPU
		{427C011F-112E-424D-97AE-8BB7844D554A}.Release|Any CPU.Build.0 = Release|Any CPU
		{427C011F-112E-424D-97AE-8BB7844D554A}.Release|x64.ActiveCfg = Release|Any CPU
		{427C011F-112E-424D-97AE-8BB7844D554A}.Release|x64.Build.0 = Release|Any CPU
		{427C011F-112E-424D-97AE-8BB7844D554A}.Release|x86.ActiveCfg = Release|Any CPU
		{427C011F-112E-424D-97AE-8BB7844D554A}.Release|x86.Build.0 = Release|Any CPU
		{292D7D68-4EC8-498D-A951-05352C7A6A50}.Debug|Any CPU.ActiveCfg = Debug|Any CPU
		{292D7D68-4EC8-498D-A951-05352C7A6A50}.Debug|Any CPU.Build.0 = Debug|Any CPU
		{292D7D68-4EC8-498D-A951-05352C7A6A50}.Debug|x64.ActiveCfg = Debug|Any CPU
		{292D7D68-4EC8-498D-A951-05352C7A6A50}.Debug|x64.Build.0 = Debug|Any CPU
		{292D7D68-4EC8-498D-A951-05352C7A6A50}.Debug|x86.ActiveCfg = Debug|Any CPU
		{292D7D68-4EC8-498D-A951-05352C7A6A50}.Debug|x86.Build.0 = Debug|Any CPU
		{292D7D68-4EC8-498D-A951-05352C7A6A50}.Release|Any CPU.ActiveCfg = Release|Any CPU
		{292D7D68-4EC8-498D-A951-05352C7A6A50}.Release|Any CPU.Build.0 = Release|Any CPU
		{292D7D68-4EC8-498D-A951-05352C7A6A50}.Release|x64.ActiveCfg = Release|Any CPU
		{292D7D68-4EC8-498D-A951-05352C7A6A50}.Release|x64.Build.0 = Release|Any CPU
		{292D7D68-4EC8-498D-A951-05352C7A6A50}.Release|x86.ActiveCfg = Release|Any CPU
		{292D7D68-4EC8-498D-A951-05352C7A6A50}.Release|x86.Build.0 = Release|Any CPU
		{58A615D5-AB9A-4CBD-9F69-B6CF7DEEA7BF}.Debug|Any CPU.ActiveCfg = Debug|Any CPU
		{58A615D5-AB9A-4CBD-9F69-B6CF7DEEA7BF}.Debug|Any CPU.Build.0 = Debug|Any CPU
		{58A615D5-AB9A-4CBD-9F69-B6CF7DEEA7BF}.Debug|x64.ActiveCfg = Debug|Any CPU
		{58A615D5-AB9A-4CBD-9F69-B6CF7DEEA7BF}.Debug|x64.Build.0 = Debug|Any CPU
		{58A615D5-AB9A-4CBD-9F69-B6CF7DEEA7BF}.Debug|x86.ActiveCfg = Debug|Any CPU
		{58A615D5-AB9A-4CBD-9F69-B6CF7DEEA7BF}.Debug|x86.Build.0 = Debug|Any CPU
		{58A615D5-AB9A-4CBD-9F69-B6CF7DEEA7BF}.Release|Any CPU.ActiveCfg = Release|Any CPU
		{58A615D5-AB9A-4CBD-9F69-B6CF7DEEA7BF}.Release|Any CPU.Build.0 = Release|Any CPU
		{58A615D5-AB9A-4CBD-9F69-B6CF7DEEA7BF}.Release|x64.ActiveCfg = Release|Any CPU
		{58A615D5-AB9A-4CBD-9F69-B6CF7DEEA7BF}.Release|x64.Build.0 = Release|Any CPU
		{58A615D5-AB9A-4CBD-9F69-B6CF7DEEA7BF}.Release|x86.ActiveCfg = Release|Any CPU
		{58A615D5-AB9A-4CBD-9F69-B6CF7DEEA7BF}.Release|x86.Build.0 = Release|Any CPU
		{D74BF391-0BED-4D9D-8DEC-18AFE6E9E121}.Debug|Any CPU.ActiveCfg = Debug|Any CPU
		{D74BF391-0BED-4D9D-8DEC-18AFE6E9E121}.Debug|Any CPU.Build.0 = Debug|Any CPU
		{D74BF391-0BED-4D9D-8DEC-18AFE6E9E121}.Debug|x64.ActiveCfg = Debug|Any CPU
		{D74BF391-0BED-4D9D-8DEC-18AFE6E9E121}.Debug|x64.Build.0 = Debug|Any CPU
		{D74BF391-0BED-4D9D-8DEC-18AFE6E9E121}.Debug|x86.ActiveCfg = Debug|Any CPU
		{D74BF391-0BED-4D9D-8DEC-18AFE6E9E121}.Debug|x86.Build.0 = Debug|Any CPU
		{D74BF391-0BED-4D9D-8DEC-18AFE6E9E121}.Release|Any CPU.ActiveCfg = Release|Any CPU
		{D74BF391-0BED-4D9D-8DEC-18AFE6E9E121}.Release|Any CPU.Build.0 = Release|Any CPU
		{D74BF391-0BED-4D9D-8DEC-18AFE6E9E121}.Release|x64.ActiveCfg = Release|Any CPU
		{D74BF391-0BED-4D9D-8DEC-18AFE6E9E121}.Release|x64.Build.0 = Release|Any CPU
		{D74BF391-0BED-4D9D-8DEC-18AFE6E9E121}.Release|x86.ActiveCfg = Release|Any CPU
		{D74BF391-0BED-4D9D-8DEC-18AFE6E9E121}.Release|x86.Build.0 = Release|Any CPU
		{91EAF625-7AE8-4BB6-97E3-E78EAD3E7441}.Debug|Any CPU.ActiveCfg = Debug|Any CPU
		{91EAF625-7AE8-4BB6-97E3-E78EAD3E7441}.Debug|Any CPU.Build.0 = Debug|Any CPU
		{91EAF625-7AE8-4BB6-97E3-E78EAD3E7441}.Debug|x64.ActiveCfg = Debug|Any CPU
		{91EAF625-7AE8-4BB6-97E3-E78EAD3E7441}.Debug|x64.Build.0 = Debug|Any CPU
		{91EAF625-7AE8-4BB6-97E3-E78EAD3E7441}.Debug|x86.ActiveCfg = Debug|Any CPU
		{91EAF625-7AE8-4BB6-97E3-E78EAD3E7441}.Debug|x86.Build.0 = Debug|Any CPU
		{91EAF625-7AE8-4BB6-97E3-E78EAD3E7441}.Release|Any CPU.ActiveCfg = Release|Any CPU
		{91EAF625-7AE8-4BB6-97E3-E78EAD3E7441}.Release|Any CPU.Build.0 = Release|Any CPU
		{91EAF625-7AE8-4BB6-97E3-E78EAD3E7441}.Release|x64.ActiveCfg = Release|Any CPU
		{91EAF625-7AE8-4BB6-97E3-E78EAD3E7441}.Release|x64.Build.0 = Release|Any CPU
		{91EAF625-7AE8-4BB6-97E3-E78EAD3E7441}.Release|x86.ActiveCfg = Release|Any CPU
		{91EAF625-7AE8-4BB6-97E3-E78EAD3E7441}.Release|x86.Build.0 = Release|Any CPU
		{6016F644-4DFA-430E-9D59-13A620C7D977}.Debug|Any CPU.ActiveCfg = Debug|Any CPU
		{6016F644-4DFA-430E-9D59-13A620C7D977}.Debug|Any CPU.Build.0 = Debug|Any CPU
		{6016F644-4DFA-430E-9D59-13A620C7D977}.Debug|x64.ActiveCfg = Debug|Any CPU
		{6016F644-4DFA-430E-9D59-13A620C7D977}.Debug|x64.Build.0 = Debug|Any CPU
		{6016F644-4DFA-430E-9D59-13A620C7D977}.Debug|x86.ActiveCfg = Debug|Any CPU
		{6016F644-4DFA-430E-9D59-13A620C7D977}.Debug|x86.Build.0 = Debug|Any CPU
		{6016F644-4DFA-430E-9D59-13A620C7D977}.Release|Any CPU.ActiveCfg = Release|Any CPU
		{6016F644-4DFA-430E-9D59-13A620C7D977}.Release|Any CPU.Build.0 = Release|Any CPU
		{6016F644-4DFA-430E-9D59-13A620C7D977}.Release|x64.ActiveCfg = Release|Any CPU
		{6016F644-4DFA-430E-9D59-13A620C7D977}.Release|x64.Build.0 = Release|Any CPU
		{6016F644-4DFA-430E-9D59-13A620C7D977}.Release|x86.ActiveCfg = Release|Any CPU
		{6016F644-4DFA-430E-9D59-13A620C7D977}.Release|x86.Build.0 = Release|Any CPU
		{A5F89C57-8AC8-4E21-825C-AA00904A1152}.Debug|Any CPU.ActiveCfg = Debug|Any CPU
		{A5F89C57-8AC8-4E21-825C-AA00904A1152}.Debug|Any CPU.Build.0 = Debug|Any CPU
		{A5F89C57-8AC8-4E21-825C-AA00904A1152}.Debug|x64.ActiveCfg = Debug|Any CPU
		{A5F89C57-8AC8-4E21-825C-AA00904A1152}.Debug|x64.Build.0 = Debug|Any CPU
		{A5F89C57-8AC8-4E21-825C-AA00904A1152}.Debug|x86.ActiveCfg = Debug|Any CPU
		{A5F89C57-8AC8-4E21-825C-AA00904A1152}.Debug|x86.Build.0 = Debug|Any CPU
		{A5F89C57-8AC8-4E21-825C-AA00904A1152}.Release|Any CPU.ActiveCfg = Release|Any CPU
		{A5F89C57-8AC8-4E21-825C-AA00904A1152}.Release|Any CPU.Build.0 = Release|Any CPU
		{A5F89C57-8AC8-4E21-825C-AA00904A1152}.Release|x64.ActiveCfg = Release|Any CPU
		{A5F89C57-8AC8-4E21-825C-AA00904A1152}.Release|x64.Build.0 = Release|Any CPU
		{A5F89C57-8AC8-4E21-825C-AA00904A1152}.Release|x86.ActiveCfg = Release|Any CPU
		{A5F89C57-8AC8-4E21-825C-AA00904A1152}.Release|x86.Build.0 = Release|Any CPU
		{5EE6A65D-4887-4629-A77C-03F31FF4B08A}.Debug|Any CPU.ActiveCfg = Debug|Any CPU
		{5EE6A65D-4887-4629-A77C-03F31FF4B08A}.Debug|Any CPU.Build.0 = Debug|Any CPU
		{5EE6A65D-4887-4629-A77C-03F31FF4B08A}.Debug|x64.ActiveCfg = Debug|Any CPU
		{5EE6A65D-4887-4629-A77C-03F31FF4B08A}.Debug|x64.Build.0 = Debug|Any CPU
		{5EE6A65D-4887-4629-A77C-03F31FF4B08A}.Debug|x86.ActiveCfg = Debug|Any CPU
		{5EE6A65D-4887-4629-A77C-03F31FF4B08A}.Debug|x86.Build.0 = Debug|Any CPU
		{5EE6A65D-4887-4629-A77C-03F31FF4B08A}.Release|Any CPU.ActiveCfg = Release|Any CPU
		{5EE6A65D-4887-4629-A77C-03F31FF4B08A}.Release|Any CPU.Build.0 = Release|Any CPU
		{5EE6A65D-4887-4629-A77C-03F31FF4B08A}.Release|x64.ActiveCfg = Release|Any CPU
		{5EE6A65D-4887-4629-A77C-03F31FF4B08A}.Release|x64.Build.0 = Release|Any CPU
		{5EE6A65D-4887-4629-A77C-03F31FF4B08A}.Release|x86.ActiveCfg = Release|Any CPU
		{5EE6A65D-4887-4629-A77C-03F31FF4B08A}.Release|x86.Build.0 = Release|Any CPU
		{809B1A3B-2A04-4547-84EE-140C31FFA637}.Debug|Any CPU.ActiveCfg = Debug|Any CPU
		{809B1A3B-2A04-4547-84EE-140C31FFA637}.Debug|Any CPU.Build.0 = Debug|Any CPU
		{809B1A3B-2A04-4547-84EE-140C31FFA637}.Debug|x64.ActiveCfg = Debug|Any CPU
		{809B1A3B-2A04-4547-84EE-140C31FFA637}.Debug|x64.Build.0 = Debug|Any CPU
		{809B1A3B-2A04-4547-84EE-140C31FFA637}.Debug|x86.ActiveCfg = Debug|Any CPU
		{809B1A3B-2A04-4547-84EE-140C31FFA637}.Debug|x86.Build.0 = Debug|Any CPU
		{809B1A3B-2A04-4547-84EE-140C31FFA637}.Release|Any CPU.ActiveCfg = Release|Any CPU
		{809B1A3B-2A04-4547-84EE-140C31FFA637}.Release|Any CPU.Build.0 = Release|Any CPU
		{809B1A3B-2A04-4547-84EE-140C31FFA637}.Release|x64.ActiveCfg = Release|Any CPU
		{809B1A3B-2A04-4547-84EE-140C31FFA637}.Release|x64.Build.0 = Release|Any CPU
		{809B1A3B-2A04-4547-84EE-140C31FFA637}.Release|x86.ActiveCfg = Release|Any CPU
		{809B1A3B-2A04-4547-84EE-140C31FFA637}.Release|x86.Build.0 = Release|Any CPU
		{AE529A7A-A28B-4A32-9402-C89BC825700E}.Debug|Any CPU.ActiveCfg = Debug|Any CPU
		{AE529A7A-A28B-4A32-9402-C89BC825700E}.Debug|Any CPU.Build.0 = Debug|Any CPU
		{AE529A7A-A28B-4A32-9402-C89BC825700E}.Debug|x64.ActiveCfg = Debug|Any CPU
		{AE529A7A-A28B-4A32-9402-C89BC825700E}.Debug|x64.Build.0 = Debug|Any CPU
		{AE529A7A-A28B-4A32-9402-C89BC825700E}.Debug|x86.ActiveCfg = Debug|Any CPU
		{AE529A7A-A28B-4A32-9402-C89BC825700E}.Debug|x86.Build.0 = Debug|Any CPU
		{AE529A7A-A28B-4A32-9402-C89BC825700E}.Release|Any CPU.ActiveCfg = Release|Any CPU
		{AE529A7A-A28B-4A32-9402-C89BC825700E}.Release|Any CPU.Build.0 = Release|Any CPU
		{AE529A7A-A28B-4A32-9402-C89BC825700E}.Release|x64.ActiveCfg = Release|Any CPU
		{AE529A7A-A28B-4A32-9402-C89BC825700E}.Release|x64.Build.0 = Release|Any CPU
		{AE529A7A-A28B-4A32-9402-C89BC825700E}.Release|x86.ActiveCfg = Release|Any CPU
		{AE529A7A-A28B-4A32-9402-C89BC825700E}.Release|x86.Build.0 = Release|Any CPU
		{0223573F-A0EB-430F-80CC-973A8C781492}.Debug|Any CPU.ActiveCfg = Debug|Any CPU
		{0223573F-A0EB-430F-80CC-973A8C781492}.Debug|Any CPU.Build.0 = Debug|Any CPU
		{0223573F-A0EB-430F-80CC-973A8C781492}.Debug|x64.ActiveCfg = Debug|Any CPU
		{0223573F-A0EB-430F-80CC-973A8C781492}.Debug|x64.Build.0 = Debug|Any CPU
		{0223573F-A0EB-430F-80CC-973A8C781492}.Debug|x86.ActiveCfg = Debug|Any CPU
		{0223573F-A0EB-430F-80CC-973A8C781492}.Debug|x86.Build.0 = Debug|Any CPU
		{0223573F-A0EB-430F-80CC-973A8C781492}.Release|Any CPU.ActiveCfg = Release|Any CPU
		{0223573F-A0EB-430F-80CC-973A8C781492}.Release|Any CPU.Build.0 = Release|Any CPU
		{0223573F-A0EB-430F-80CC-973A8C781492}.Release|x64.ActiveCfg = Release|Any CPU
		{0223573F-A0EB-430F-80CC-973A8C781492}.Release|x64.Build.0 = Release|Any CPU
		{0223573F-A0EB-430F-80CC-973A8C781492}.Release|x86.ActiveCfg = Release|Any CPU
		{0223573F-A0EB-430F-80CC-973A8C781492}.Release|x86.Build.0 = Release|Any CPU
		{E758B8BB-D557-4206-9EEC-12061CAB11F2}.Debug|Any CPU.ActiveCfg = Debug|Any CPU
		{E758B8BB-D557-4206-9EEC-12061CAB11F2}.Debug|Any CPU.Build.0 = Debug|Any CPU
		{E758B8BB-D557-4206-9EEC-12061CAB11F2}.Debug|x64.ActiveCfg = Debug|Any CPU
		{E758B8BB-D557-4206-9EEC-12061CAB11F2}.Debug|x64.Build.0 = Debug|Any CPU
		{E758B8BB-D557-4206-9EEC-12061CAB11F2}.Debug|x86.ActiveCfg = Debug|Any CPU
		{E758B8BB-D557-4206-9EEC-12061CAB11F2}.Debug|x86.Build.0 = Debug|Any CPU
		{E758B8BB-D557-4206-9EEC-12061CAB11F2}.Release|Any CPU.ActiveCfg = Release|Any CPU
		{E758B8BB-D557-4206-9EEC-12061CAB11F2}.Release|Any CPU.Build.0 = Release|Any CPU
		{E758B8BB-D557-4206-9EEC-12061CAB11F2}.Release|x64.ActiveCfg = Release|Any CPU
		{E758B8BB-D557-4206-9EEC-12061CAB11F2}.Release|x64.Build.0 = Release|Any CPU
		{E758B8BB-D557-4206-9EEC-12061CAB11F2}.Release|x86.ActiveCfg = Release|Any CPU
		{E758B8BB-D557-4206-9EEC-12061CAB11F2}.Release|x86.Build.0 = Release|Any CPU
		{17110D02-E296-4304-8FC3-E0C61D69B083}.Debug|Any CPU.ActiveCfg = Debug|Any CPU
		{17110D02-E296-4304-8FC3-E0C61D69B083}.Debug|Any CPU.Build.0 = Debug|Any CPU
		{17110D02-E296-4304-8FC3-E0C61D69B083}.Debug|x64.ActiveCfg = Debug|Any CPU
		{17110D02-E296-4304-8FC3-E0C61D69B083}.Debug|x64.Build.0 = Debug|Any CPU
		{17110D02-E296-4304-8FC3-E0C61D69B083}.Debug|x86.ActiveCfg = Debug|Any CPU
		{17110D02-E296-4304-8FC3-E0C61D69B083}.Debug|x86.Build.0 = Debug|Any CPU
		{17110D02-E296-4304-8FC3-E0C61D69B083}.Release|Any CPU.ActiveCfg = Release|Any CPU
		{17110D02-E296-4304-8FC3-E0C61D69B083}.Release|Any CPU.Build.0 = Release|Any CPU
		{17110D02-E296-4304-8FC3-E0C61D69B083}.Release|x64.ActiveCfg = Release|Any CPU
		{17110D02-E296-4304-8FC3-E0C61D69B083}.Release|x64.Build.0 = Release|Any CPU
		{17110D02-E296-4304-8FC3-E0C61D69B083}.Release|x86.ActiveCfg = Release|Any CPU
		{17110D02-E296-4304-8FC3-E0C61D69B083}.Release|x86.Build.0 = Release|Any CPU
	EndGlobalSection
	GlobalSection(SolutionProperties) = preSolution
		HideSolutionNode = FALSE
	EndGlobalSection
	GlobalSection(ExtensibilityGlobals) = postSolution
		SolutionGuid = {CE6A0359-FC53-461E-ABF9-AC1A811106FE}
	EndGlobalSection
EndGlobal
